
Microsoft Visual Studio Solution File, Format Version 12.00
# Visual Studio Version 16
VisualStudioVersion = 25.0.1706.12
MinimumVisualStudioVersion = 10.0.40219.1
Project("{FAE04EC0-301F-11D3-BF4B-00C04F79EFBC}") = "CardGame", "CardGame.csproj", "{6B299769-4413-4447-A626-6631AA9EBA06}"
EndProject
Global
	GlobalSection(SolutionConfigurationPlatforms) = preSolution
		Debug|Any CPU = Debug|Any CPU
		Release|Any CPU = Release|Any CPU
	EndGlobalSection
	GlobalSection(ProjectConfigurationPlatforms) = postSolution
		{6B299769-4413-4447-A626-6631AA9EBA06}.Debug|Any CPU.ActiveCfg = Debug|Any CPU
		{6B299769-4413-4447-A626-6631AA9EBA06}.Debug|Any CPU.Build.0 = Debug|Any CPU
		{6B299769-4413-4447-A626-6631AA9EBA06}.Release|Any CPU.ActiveCfg = Release|Any CPU
		{6B299769-4413-4447-A626-6631AA9EBA06}.Release|Any CPU.Build.0 = Release|Any CPU
	EndGlobalSection
	GlobalSection(SolutionProperties) = preSolution
		HideSolutionNode = FALSE
	EndGlobalSection
	GlobalSection(ExtensibilityGlobals) = postSolution
		SolutionGuid = {51E5D6A4-537E-4C79-B40B-3E25D66A9B0B}
	EndGlobalSection
EndGlobal
